
Microsoft Visual Studio Solution File, Format Version 12.00
# Visual Studio Version 17
VisualStudioVersion = 17.9.34723.18
MinimumVisualStudioVersion = 10.0.40219.1
Project("{FAE04EC0-301F-11D3-BF4B-00C04F79EFBC}") = "YUYUDIR-Main", "YUYUDIR-Main.csproj", "{1C57DFA7-B0D8-46A6-B253-E6CCE6E87463}"
EndProject
Global
	GlobalSection(SolutionConfigurationPlatforms) = preSolution
		Debug|Any CPU = Debug|Any CPU
		Release|Any CPU = Release|Any CPU
	EndGlobalSection
	GlobalSection(ProjectConfigurationPlatforms) = postSolution
		{1C57DFA7-B0D8-46A6-B253-E6CCE6E87463}.Debug|Any CPU.ActiveCfg = Debug|Any CPU
		{1C57DFA7-B0D8-46A6-B253-E6CCE6E87463}.Debug|Any CPU.Build.0 = Debug|Any CPU
		{1C57DFA7-B0D8-46A6-B253-E6CCE6E87463}.Release|Any CPU.ActiveCfg = Release|Any CPU
		{1C57DFA7-B0D8-46A6-B253-E6CCE6E87463}.Release|Any CPU.Build.0 = Release|Any CPU
	EndGlobalSection
	GlobalSection(SolutionProperties) = preSolution
		HideSolutionNode = FALSE
	EndGlobalSection
	GlobalSection(ExtensibilityGlobals) = postSolution
		SolutionGuid = {DB5D1BEF-605E-4705-9812-CC19E79A8CB5}
	EndGlobalSection
EndGlobal
